PODS:
  - Flurry-iOS-SDK/FlurrySDK (9.2.3)

DEPENDENCIES:
  - Flurry-iOS-SDK/FlurrySDK

SPEC REPOS:
  https://github.com/cocoapods/specs.git:
    - Flurry-iOS-SDK

SPEC CHECKSUMS:
  Flurry-iOS-SDK: 2ea1973a6c9c6b3675765d73ea290b281f8cb084

PODFILE CHECKSUM: 55af4c1cec7de69dce00286ef0bce8beab961dac

COCOAPODS: 1.5.3
